
Microsoft Visual Studio Solution File, Format Version 12.00
# Visual Studio Version 17
VisualStudioVersion = 17.0.31903.59
MinimumVisualStudioVersion = 10.0.40219.1
Project("{2150E333-8FDC-42A3-9474-1A3956D46DE8}") = "src", "src", "{5A7E00D5-314D-4C41-91A1-C0114295C3E9}"
EndProject
Project("{2150E333-8FDC-42A3-9474-1A3956D46DE8}") = "test", "test", "{037C68D5-43FB-4902-A54F-BBD8E49800A8}"
EndProject
Project("{9A19103F-16F7-4668-BE54-9A1E7A4F7556}") = "Api", "src\Presentation\Api.csproj", "{0BDD2CC5-0BA7-4D7D-8852-21CF993106D8}"
EndProject
Project("{2150E333-8FDC-42A3-9474-1A3956D46DE8}") = "Solution Items", "Solution Items", "{02ED266F-DCF9-4FD3-AFAE-3427C865556E}"
	ProjectSection(SolutionItems) = preProject
		.gitignore = .gitignore
		README.md = README.md
	EndProjectSection
EndProject
Global
	GlobalSection(SolutionConfigurationPlatforms) = preSolution
		Debug|Any CPU = Debug|Any CPU
		Release|Any CPU = Release|Any CPU
	EndGlobalSection
	GlobalSection(ProjectConfigurationPlatforms) = postSolution
		{0BDD2CC5-0BA7-4D7D-8852-21CF993106D8}.Debug|Any CPU.ActiveCfg = Debug|Any CPU
		{0BDD2CC5-0BA7-4D7D-8852-21CF993106D8}.Debug|Any CPU.Build.0 = Debug|Any CPU
		{0BDD2CC5-0BA7-4D7D-8852-21CF993106D8}.Release|Any CPU.ActiveCfg = Release|Any CPU
		{0BDD2CC5-0BA7-4D7D-8852-21CF993106D8}.Release|Any CPU.Build.0 = Release|Any CPU
	EndGlobalSection
	GlobalSection(SolutionProperties) = preSolution
		HideSolutionNode = FALSE
	EndGlobalSection
	GlobalSection(NestedProjects) = preSolution
		{0BDD2CC5-0BA7-4D7D-8852-21CF993106D8} = {5A7E00D5-314D-4C41-91A1-C0114295C3E9}
	EndGlobalSection
	GlobalSection(ExtensibilityGlobals) = postSolution
		SolutionGuid = {1C5AC550-6921-4C36-979D-C9E92F7C4391}
	EndGlobalSection
EndGlobal
